
Microsoft Visual Studio Solution File, Format Version 12.00
Project("{FAE04EC0-301F-11D3-BF4B-00C04F79EFBC}") = "Edgar.WebApi", "Edgar.WebApi\Edgar.WebApi.csproj", "{72DA4BD7-3994-496E-8424-90E4C018E9B0}"
EndProject
Global
	GlobalSection(SolutionConfigurationPlatforms) = preSolution
		Debug|Any CPU = Debug|Any CPU
		Release|Any CPU = Release|Any CPU
	EndGlobalSection
	GlobalSection(ProjectConfigurationPlatforms) = postSolution
		{72DA4BD7-3994-496E-8424-90E4C018E9B0}.Debug|Any CPU.ActiveCfg = Debug|Any CPU
		{72DA4BD7-3994-496E-8424-90E4C018E9B0}.Debug|Any CPU.Build.0 = Debug|Any CPU
		{72DA4BD7-3994-496E-8424-90E4C018E9B0}.Release|Any CPU.ActiveCfg = Release|Any CPU
		{72DA4BD7-3994-496E-8424-90E4C018E9B0}.Release|Any CPU.Build.0 = Release|Any CPU
	EndGlobalSection
EndGlobal
